
Microsoft Visual Studio Solution File, Format Version 12.00
Project("{FAE04EC0-301F-11D3-BF4B-00C04F79EFBC}") = "Mapper", "Mapper\Mapper.csproj", "{F197C265-9857-41E8-A3A0-322FE22A3745}"
EndProject
Project("{FAE04EC0-301F-11D3-BF4B-00C04F79EFBC}") = "MapperTestProject", "MapperTestProject\MapperTestProject.csproj", "{E132B88D-55D9-4937-B87D-AC9CE3B85706}"
EndProject
Global
	GlobalSection(SolutionConfigurationPlatforms) = preSolution
		Debug|Any CPU = Debug|Any CPU
		Release|Any CPU = Release|Any CPU
	EndGlobalSection
	GlobalSection(ProjectConfigurationPlatforms) = postSolution
		{F197C265-9857-41E8-A3A0-322FE22A3745}.Debug|Any CPU.ActiveCfg = Debug|Any CPU
		{F197C265-9857-41E8-A3A0-322FE22A3745}.Debug|Any CPU.Build.0 = Debug|Any CPU
		{F197C265-9857-41E8-A3A0-322FE22A3745}.Release|Any CPU.ActiveCfg = Release|Any CPU
		{F197C265-9857-41E8-A3A0-322FE22A3745}.Release|Any CPU.Build.0 = Release|Any CPU
		{E132B88D-55D9-4937-B87D-AC9CE3B85706}.Debug|Any CPU.ActiveCfg = Debug|Any CPU
		{E132B88D-55D9-4937-B87D-AC9CE3B85706}.Debug|Any CPU.Build.0 = Debug|Any CPU
		{E132B88D-55D9-4937-B87D-AC9CE3B85706}.Release|Any CPU.ActiveCfg = Release|Any CPU
		{E132B88D-55D9-4937-B87D-AC9CE3B85706}.Release|Any CPU.Build.0 = Release|Any CPU
	EndGlobalSection
EndGlobal
